// !$*UTF8*$!
{
	archiveVersion = 1;
	classes = {
	};
	objectVersion = 50;
	objects = {

/* Begin PBXBuildFile section */
		BE12300F248434410073603A /* NetworkingTests.swift in Sources */ = {isa = PBXBuildFile; fileRef = BE12300E248434410073603A /* NetworkingTests.swift */; };
		BE123011248440D60073603A /* MockViewController.swift in Sources */ = {isa = PBXBuildFile; fileRef = BE123010248440D60073603A /* MockViewController.swift */; };
		BEBCD7482597534200B14781 /* AppModule.swift in Sources */ = {isa = PBXBuildFile; fileRef = BEBCD7472597534200B14781 /* AppModule.swift */; };
		BEBCD76125977C3F00B14781 /* ProductListViewController.xib in Resources */ = {isa = PBXBuildFile; fileRef = BEBCD76025977C3F00B14781 /* ProductListViewController.xib */; };
		BEBCD7A92597A27F00B14781 /* ProductListEndpoint.swift in Sources */ = {isa = PBXBuildFile; fileRef = BEBCD7A82597A27F00B14781 /* ProductListEndpoint.swift */; };
		BEBCD7B62597BF2800B14781 /* NetworkingMocks.swift in Sources */ = {isa = PBXBuildFile; fileRef = BEBCD7B52597BF2800B14781 /* NetworkingMocks.swift */; };
		BEBCD7CA2598840100B14781 /* ProductDetailsViewController.xib in Resources */ = {isa = PBXBuildFile; fileRef = BEBCD7C92598840100B14781 /* ProductDetailsViewController.xib */; };
		BEBCD7CF2598840E00B14781 /* ProductDetailsViewController.swift in Sources */ = {isa = PBXBuildFile; fileRef = BEBCD7CE2598840E00B14781 /* ProductDetailsViewController.swift */; };
		BEBCD7E025988B5700B14781 /* AppCoordinator.swift in Sources */ = {isa = PBXBuildFile; fileRef = BEBCD7DF25988B5700B14781 /* AppCoordinator.swift */; };
		BEBCD7F325988ED100B14781 /* ProductListCoordinator.swift in Sources */ = {isa = PBXBuildFile; fileRef = BEBCD7F225988ED100B14781 /* ProductListCoordinator.swift */; };
		BEBCD7FF2598D81F00B14781 /* ProductListModule.swift in Sources */ = {isa = PBXBuildFile; fileRef = BEBCD7FE2598D81F00B14781 /* ProductListModule.swift */; };
		BEBCD8142598EB8C00B14781 /* ProductListComponent.swift in Sources */ = {isa = PBXBuildFile; fileRef = BEBCD8132598EB8C00B14781 /* ProductListComponent.swift */; };
		BEBCD8252598EEE100B14781 /* ProductDetailsComponent.swift in Sources */ = {isa = PBXBuildFile; fileRef = BEBCD8242598EEE100B14781 /* ProductDetailsComponent.swift */; };
		BEBCD82A2598EEE900B14781 /* ProductDetailsModule.swift in Sources */ = {isa = PBXBuildFile; fileRef = BEBCD8292598EEE900B14781 /* ProductDetailsModule.swift */; };
		BEBCD8322598EF0100B14781 /* ProductDetailsCoordinator.swift in Sources */ = {isa = PBXBuildFile; fileRef = BEBCD8312598EF0100B14781 /* ProductDetailsCoordinator.swift */; };
		BEBCD83D2598F14B00B14781 /* ProductDetailsViewModel.swift in Sources */ = {isa = PBXBuildFile; fileRef = BEBCD83C2598F14B00B14781 /* ProductDetailsViewModel.swift */; };
		BEBCD88A259F963500B14781 /* ProductListViewModelTests.swift in Sources */ = {isa = PBXBuildFile; fileRef = BEBCD889259F963500B14781 /* ProductListViewModelTests.swift */; };
		BECAB9AD248410750082AB6D /* AppDelegate.swift in Sources */ = {isa = PBXBuildFile; fileRef = BECAB9AC248410750082AB6D /* AppDelegate.swift */; };
		BECAB9AF248410750082AB6D /* SceneDelegate.swift in Sources */ = {isa = PBXBuildFile; fileRef = BECAB9AE248410750082AB6D /* SceneDelegate.swift */; };
		BECAB9B1248410750082AB6D /* ProductListViewController.swift in Sources */ = {isa = PBXBuildFile; fileRef = BECAB9B0248410750082AB6D /* ProductListViewController.swift */; };
		BECAB9B6248410760082AB6D /* Assets.xcassets in Resources */ = {isa = PBXBuildFile; fileRef = BECAB9B5248410760082AB6D /* Assets.xcassets */; };
		BECAB9B9248410760082AB6D /* LaunchScreen.storyboard in Resources */ = {isa = PBXBuildFile; fileRef = BECAB9B7248410760082AB6D /* LaunchScreen.storyboard */; };
		BECAB9C4248410760082AB6D /* ProductListRepositoryTests.swift in Sources */ = {isa = PBXBuildFile; fileRef = BECAB9C3248410760082AB6D /* ProductListRepositoryTests.swift */; };
		BECAB9CF248410760082AB6D /* Product_DemoUITests.swift in Sources */ = {isa = PBXBuildFile; fileRef = BECAB9CE248410760082AB6D /* Product_DemoUITests.swift */; };
		BECAB9E4248411020082AB6D /* ProductListViewModel.swift in Sources */ = {isa = PBXBuildFile; fileRef = BECAB9E3248411020082AB6D /* ProductListViewModel.swift */; };
		BECAB9E9248411670082AB6D /* ProductTableViewCell.swift in Sources */ = {isa = PBXBuildFile; fileRef = BECAB9E7248411670082AB6D /* ProductTableViewCell.swift */; };
		BECAB9EA248411670082AB6D /* ProductTableViewCell.xib in Resources */ = {isa = PBXBuildFile; fileRef = BECAB9E8248411670082AB6D /* ProductTableViewCell.xib */; };
		BEE932742484137C00D115BD /* UITableView+Extensions.swift in Sources */ = {isa = PBXBuildFile; fileRef = BEE932732484137C00D115BD /* UITableView+Extensions.swift */; };
		BEE93276248413AE00D115BD /* ProductListViewController+UITableView.swift in Sources */ = {isa = PBXBuildFile; fileRef = BEE93275248413AE00D115BD /* ProductListViewController+UITableView.swift */; };
		BEE93278248413BE00D115BD /* ProductListViewController+UISearchBar.swift in Sources */ = {isa = PBXBuildFile; fileRef = BEE93277248413BE00D115BD /* ProductListViewController+UISearchBar.swift */; };
		BEE9327A248414DF00D115BD /* ProductListRequest.swift in Sources */ = {isa = PBXBuildFile; fileRef = BEE93279248414DF00D115BD /* ProductListRequest.swift */; };
		BEE9327C248414E800D115BD /* ProductListResponse.swift in Sources */ = {isa = PBXBuildFile; fileRef = BEE9327B248414E800D115BD /* ProductListResponse.swift */; };
		BEE9327E248417F200D115BD /* NetworkRouter.swift in Sources */ = {isa = PBXBuildFile; fileRef = BEE9327D248417F200D115BD /* NetworkRouter.swift */; };
		BEE932802484184000D115BD /* URLBuilder.swift in Sources */ = {isa = PBXBuildFile; fileRef = BEE9327F2484184000D115BD /* URLBuilder.swift */; };
		BEE932822484188400D115BD /* Endpoint.swift in Sources */ = {isa = PBXBuildFile; fileRef = BEE932812484188400D115BD /* Endpoint.swift */; };
		BEE93284248418A900D115BD /* HTTPTraits.swift in Sources */ = {isa = PBXBuildFile; fileRef = BEE93283248418A900D115BD /* HTTPTraits.swift */; };
		BEE9328624841A1400D115BD /* Encoding.swift in Sources */ = {isa = PBXBuildFile; fileRef = BEE9328524841A1400D115BD /* Encoding.swift */; };
		BEE9328824841BA000D115BD /* Encodable+Extensions.swift in Sources */ = {isa = PBXBuildFile; fileRef = BEE9328724841BA000D115BD /* Encodable+Extensions.swift */; };
		BEE9328E24841FFE00D115BD /* ProductListRepository.swift in Sources */ = {isa = PBXBuildFile; fileRef = BEE9328D24841FFE00D115BD /* ProductListRepository.swift */; };
		BEE932902484253100D115BD /* UIImageView+Extensions.swift in Sources */ = {isa = PBXBuildFile; fileRef = BEE9328F2484253100D115BD /* UIImageView+Extensions.swift */; };
/* End PBXBuildFile section */

/* Begin PBXContainerItemProxy section */
		BECAB9C0248410760082AB6D /* PBXContainerItemProxy */ = {
			isa = PBXContainerItemProxy;
			containerPortal = BECAB9A1248410750082AB6D /* Project object */;
			proxyType = 1;
			remoteGlobalIDString = BECAB9A8248410750082AB6D;
			remoteInfo = product_demo;
		};
		BECAB9CB248410760082AB6D /* PBXContainerItemProxy */ = {
			isa = PBXContainerItemProxy;
			containerPortal = BECAB9A1248410750082AB6D /* Project object */;
			proxyType = 1;
			remoteGlobalIDString = BECAB9A8248410750082AB6D;
			remoteInfo = product_demo;
		};
/* End PBXContainerItemProxy section */

/* Begin PBXFileReference section */
		BE12300E248434410073603A /* NetworkingTests.swift */ = {isa = PBXFileReference; lastKnownFileType = sourcecode.swift; path = NetworkingTests.swift; sourceTree = "<group>"; };
		BE123010248440D60073603A /* MockViewController.swift */ = {isa = PBXFileReference; lastKnownFileType = sourcecode.swift; path = MockViewController.swift; sourceTree = "<group>"; };
		BEBCD7472597534200B14781 /* AppModule.swift */ = {isa = PBXFileReference; lastKnownFileType = sourcecode.swift; path = AppModule.swift; sourceTree = "<group>"; };
		BEBCD76025977C3F00B14781 /* ProductListViewController.xib */ = {isa = PBXFileReference; lastKnownFileType = file.xib; path = ProductListViewController.xib; sourceTree = "<group>"; };
		BEBCD7A82597A27F00B14781 /* ProductListEndpoint.swift */ = {isa = PBXFileReference; lastKnownFileType = sourcecode.swift; path = ProductListEndpoint.swift; sourceTree = "<group>"; };
		BEBCD7B52597BF2800B14781 /* NetworkingMocks.swift */ = {isa = PBXFileReference; lastKnownFileType = sourcecode.swift; path = NetworkingMocks.swift; sourceTree = "<group>"; };
		BEBCD7C92598840100B14781 /* ProductDetailsViewController.xib */ = {isa = PBXFileReference; lastKnownFileType = file.xib; path = ProductDetailsViewController.xib; sourceTree = "<group>"; };
		BEBCD7CE2598840E00B14781 /* ProductDetailsViewController.swift */ = {isa = PBXFileReference; lastKnownFileType = sourcecode.swift; path = ProductDetailsViewController.swift; sourceTree = "<group>"; };
		BEBCD7DF25988B5700B14781 /* AppCoordinator.swift */ = {isa = PBXFileReference; lastKnownFileType = sourcecode.swift; path = AppCoordinator.swift; sourceTree = "<group>"; };
		BEBCD7F225988ED100B14781 /* ProductListCoordinator.swift */ = {isa = PBXFileReference; lastKnownFileType = sourcecode.swift; path = ProductListCoordinator.swift; sourceTree = "<group>"; };
		BEBCD7FE2598D81F00B14781 /* ProductListModule.swift */ = {isa = PBXFileReference; lastKnownFileType = sourcecode.swift; path = ProductListModule.swift; sourceTree = "<group>"; };
		BEBCD8132598EB8C00B14781 /* ProductListComponent.swift */ = {isa = PBXFileReference; lastKnownFileType = sourcecode.swift; path = ProductListComponent.swift; sourceTree = "<group>"; };
		BEBCD8242598EEE100B14781 /* ProductDetailsComponent.swift */ = {isa = PBXFileReference; lastKnownFileType = sourcecode.swift; path = ProductDetailsComponent.swift; sourceTree = "<group>"; };
		BEBCD8292598EEE900B14781 /* ProductDetailsModule.swift */ = {isa = PBXFileReference; lastKnownFileType = sourcecode.swift; path = ProductDetailsModule.swift; sourceTree = "<group>"; };
		BEBCD8312598EF0100B14781 /* ProductDetailsCoordinator.swift */ = {isa = PBXFileReference; lastKnownFileType = sourcecode.swift; path = ProductDetailsCoordinator.swift; sourceTree = "<group>"; };
		BEBCD83C2598F14B00B14781 /* ProductDetailsViewModel.swift */ = {isa = PBXFileReference; lastKnownFileType = sourcecode.swift; path = ProductDetailsViewModel.swift; sourceTree = "<group>"; };
		BEBCD889259F963500B14781 /* ProductListViewModelTests.swift */ = {isa = PBXFileReference; lastKnownFileType = sourcecode.swift; path = ProductListViewModelTests.swift; sourceTree = "<group>"; };
		BECAB9A9248410750082AB6D /* product_demo.app */ = {isa = PBXFileReference; explicitFileType = wrapper.application; includeInIndex = 0; path = product_demo.app; sourceTree = BUILT_PRODUCTS_DIR; };
		BECAB9AC248410750082AB6D /* AppDelegate.swift */ = {isa = PBXFileReference; lastKnownFileType = sourcecode.swift; path = AppDelegate.swift; sourceTree = "<group>"; };
		BECAB9AE248410750082AB6D /* SceneDelegate.swift */ = {isa = PBXFileReference; lastKnownFileType = sourcecode.swift; path = SceneDelegate.swift; sourceTree = "<group>"; };
		BECAB9B0248410750082AB6D /* ProductListViewController.swift */ = {isa = PBXFileReference; lastKnownFileType = sourcecode.swift; path = ProductListViewController.swift; sourceTree = "<group>"; };
		BECAB9B5248410760082AB6D /* Assets.xcassets */ = {isa = PBXFileReference; lastKnownFileType = folder.assetcatalog; path = Assets.xcassets; sourceTree = "<group>"; };
		BECAB9B8248410760082AB6D /* Base */ = {isa = PBXFileReference; lastKnownFileType = file.storyboard; name = Base; path = Base.lproj/LaunchScreen.storyboard; sourceTree = "<group>"; };
		BECAB9BA248410760082AB6D /* Info.plist */ = {isa = PBXFileReference; lastKnownFileType = text.plist.xml; path = Info.plist; sourceTree = "<group>"; };
		BECAB9BF248410760082AB6D /* product_demoTests.xctest */ = {isa = PBXFileReference; explicitFileType = wrapper.cfbundle; includeInIndex = 0; path = product_demoTests.xctest; sourceTree = BUILT_PRODUCTS_DIR; };
		BECAB9C3248410760082AB6D /* ProductListRepositoryTests.swift */ = {isa = PBXFileReference; lastKnownFileType = sourcecode.swift; path = ProductListRepositoryTests.swift; sourceTree = "<group>"; };
		BECAB9C5248410760082AB6D /* Info.plist */ = {isa = PBXFileReference; lastKnownFileType = text.plist.xml; path = Info.plist; sourceTree = "<group>"; };
		BECAB9CA248410760082AB6D /* product_demoUITests.xctest */ = {isa = PBXFileReference; explicitFileType = wrapper.cfbundle; includeInIndex = 0; path = product_demoUITests.xctest; sourceTree = BUILT_PRODUCTS_DIR; };
		BECAB9CE248410760082AB6D /* Product_DemoUITests.swift */ = {isa = PBXFileReference; lastKnownFileType = sourcecode.swift; path = Product_DemoUITests.swift; sourceTree = "<group>"; };
		BECAB9D0248410760082AB6D /* Info.plist */ = {isa = PBXFileReference; lastKnownFileType = text.plist.xml; path = Info.plist; sourceTree = "<group>"; };
		BECAB9E3248411020082AB6D /* ProductListViewModel.swift */ = {isa = PBXFileReference; lastKnownFileType = sourcecode.swift; path = ProductListViewModel.swift; sourceTree = "<group>"; };
		BECAB9E7248411670082AB6D /* ProductTableViewCell.swift */ = {isa = PBXFileReference; lastKnownFileType = sourcecode.swift; path = ProductTableViewCell.swift; sourceTree = "<group>"; };
		BECAB9E8248411670082AB6D /* ProductTableViewCell.xib */ = {isa = PBXFileReference; lastKnownFileType = file.xib; path = ProductTableViewCell.xib; sourceTree = "<group>"; };
		BEE932732484137C00D115BD /* UITableView+Extensions.swift */ = {isa = PBXFileReference; lastKnownFileType = sourcecode.swift; path = "UITableView+Extensions.swift"; sourceTree = "<group>"; };
		BEE93275248413AE00D115BD /* ProductListViewController+UITableView.swift */ = {isa = PBXFileReference; lastKnownFileType = sourcecode.swift; path = "ProductListViewController+UITableView.swift"; sourceTree = "<group>"; };
		BEE93277248413BE00D115BD /* ProductListViewController+UISearchBar.swift */ = {isa = PBXFileReference; lastKnownFileType = sourcecode.swift; path = "ProductListViewController+UISearchBar.swift"; sourceTree = "<group>"; };
		BEE93279248414DF00D115BD /* ProductListRequest.swift */ = {isa = PBXFileReference; lastKnownFileType = sourcecode.swift; path = ProductListRequest.swift; sourceTree = "<group>"; };
		BEE9327B248414E800D115BD /* ProductListResponse.swift */ = {isa = PBXFileReference; lastKnownFileType = sourcecode.swift; path = ProductListResponse.swift; sourceTree = "<group>"; };
		BEE9327D248417F200D115BD /* NetworkRouter.swift */ = {isa = PBXFileReference; lastKnownFileType = sourcecode.swift; path = NetworkRouter.swift; sourceTree = "<group>"; };
		BEE9327F2484184000D115BD /* URLBuilder.swift */ = {isa = PBXFileReference; lastKnownFileType = sourcecode.swift; path = URLBuilder.swift; sourceTree = "<group>"; };
		BEE932812484188400D115BD /* Endpoint.swift */ = {isa = PBXFileReference; lastKnownFileType = sourcecode.swift; path = Endpoint.swift; sourceTree = "<group>"; };
		BEE93283248418A900D115BD /* HTTPTraits.swift */ = {isa = PBXFileReference; lastKnownFileType = sourcecode.swift; path = HTTPTraits.swift; sourceTree = "<group>"; };
		BEE9328524841A1400D115BD /* Encoding.swift */ = {isa = PBXFileReference; lastKnownFileType = sourcecode.swift; path = Encoding.swift; sourceTree = "<group>"; };
		BEE9328724841BA000D115BD /* Encodable+Extensions.swift */ = {isa = PBXFileReference; lastKnownFileType = sourcecode.swift; path = "Encodable+Extensions.swift"; sourceTree = "<group>"; };
		BEE9328D24841FFE00D115BD /* ProductListRepository.swift */ = {isa = PBXFileReference; lastKnownFileType = sourcecode.swift; path = ProductListRepository.swift; sourceTree = "<group>"; };
		BEE9328F2484253100D115BD /* UIImageView+Extensions.swift */ = {isa = PBXFileReference; lastKnownFileType = sourcecode.swift; path = "UIImageView+Extensions.swift"; sourceTree = "<group>"; };
/* End PBXFileReference section */

/* Begin PBXFrameworksBuildPhase section */
		BECAB9A6248410750082AB6D /* Frameworks */ = {
			isa = PBXFrameworksBuildPhase;
			buildActionMask = 2147483647;
			files = (
			);
			runOnlyForDeploymentPostprocessing = 0;
		};
		BECAB9BC248410760082AB6D /* Frameworks */ = {
			isa = PBXFrameworksBuildPhase;
			buildActionMask = 2147483647;
			files = (
			);
			runOnlyForDeploymentPostprocessing = 0;
		};
		BECAB9C7248410760082AB6D /* Frameworks */ = {
			isa = PBXFrameworksBuildPhase;
			buildActionMask = 2147483647;
			files = (
			);
			runOnlyForDeploymentPostprocessing = 0;
		};
/* End PBXFrameworksBuildPhase section */

/* Begin PBXGroup section */
		BEBCD77125977F2600B14781 /* DIContainer */ = {
			isa = PBXGroup;
			children = (
				BEBCD7472597534200B14781 /* AppModule.swift */,
				BEBCD7DF25988B5700B14781 /* AppCoordinator.swift */,
				BEBCD7752597862400B14781 /* ProductList */,
				BEBCD7D62598847100B14781 /* ProductDetails */,
			);
			path = DIContainer;
			sourceTree = "<group>";
		};
		BEBCD7752597862400B14781 /* ProductList */ = {
			isa = PBXGroup;
			children = (
				BEBCD8132598EB8C00B14781 /* ProductListComponent.swift */,
				BEBCD7FE2598D81F00B14781 /* ProductListModule.swift */,
			);
			path = ProductList;
			sourceTree = "<group>";
		};
		BEBCD7AE2597BA8600B14781 /* Networking */ = {
			isa = PBXGroup;
			children = (
				BEBCD7B52597BF2800B14781 /* NetworkingMocks.swift */,
				BE12300E248434410073603A /* NetworkingTests.swift */,
			);
			path = Networking;
			sourceTree = "<group>";
		};
		BEBCD7C0259883D300B14781 /* ProductDetails */ = {
			isa = PBXGroup;
			children = (
				BEBCD7C92598840100B14781 /* ProductDetailsViewController.xib */,
				BEBCD7CE2598840E00B14781 /* ProductDetailsViewController.swift */,
				BEBCD8312598EF0100B14781 /* ProductDetailsCoordinator.swift */,
				BEBCD83C2598F14B00B14781 /* ProductDetailsViewModel.swift */,
			);
			path = ProductDetails;
			sourceTree = "<group>";
		};
		BEBCD7D62598847100B14781 /* ProductDetails */ = {
			isa = PBXGroup;
			children = (
				BEBCD8242598EEE100B14781 /* ProductDetailsComponent.swift */,
				BEBCD8292598EEE900B14781 /* ProductDetailsModule.swift */,
			);
			path = ProductDetails;
			sourceTree = "<group>";
		};
		BECAB9A0248410750082AB6D = {
			isa = PBXGroup;
			children = (
				BECAB9AB248410750082AB6D /* product_demo */,
				BECAB9C2248410760082AB6D /* product_demoTests */,
				BECAB9CD248410760082AB6D /* product_demoUITests */,
				BECAB9AA248410750082AB6D /* Products */,
			);
			sourceTree = "<group>";
		};
		BECAB9AA248410750082AB6D /* Products */ = {
			isa = PBXGroup;
			children = (
				BECAB9A9248410750082AB6D /* product_demo.app */,
				BECAB9BF248410760082AB6D /* product_demoTests.xctest */,
				BECAB9CA248410760082AB6D /* product_demoUITests.xctest */,
			);
			name = Products;
			sourceTree = "<group>";
		};
		BECAB9AB248410750082AB6D /* product_demo */ = {
			isa = PBXGroup;
			children = (
				BECAB9DC248410CD0082AB6D /* Networking */,
				BECAB9DD248410D30082AB6D /* Extensions */,
				BECAB9DE248410D80082AB6D /* Scenes */,
				BEBCD77125977F2600B14781 /* DIContainer */,
				BECAB9AE248410750082AB6D /* SceneDelegate.swift */,
				BECAB9AC248410750082AB6D /* AppDelegate.swift */,
				BECAB9B5248410760082AB6D /* Assets.xcassets */,
				BECAB9B7248410760082AB6D /* LaunchScreen.storyboard */,
				BECAB9BA248410760082AB6D /* Info.plist */,
			);
			path = product_demo;
			sourceTree = "<group>";
		};
		BECAB9C2248410760082AB6D /* product_demoTests */ = {
			isa = PBXGroup;
			children = (
				BEBCD7AE2597BA8600B14781 /* Networking */,
				BEBCD889259F963500B14781 /* ProductListViewModelTests.swift */,
				BECAB9C3248410760082AB6D /* ProductListRepositoryTests.swift */,
				BECAB9C5248410760082AB6D /* Info.plist */,
				BE123010248440D60073603A /* MockViewController.swift */,
			);
			path = product_demoTests;
			sourceTree = "<group>";
		};
		BECAB9CD248410760082AB6D /* product_demoUITests */ = {
			isa = PBXGroup;
			children = (
				BECAB9CE248410760082AB6D /* Product_DemoUITests.swift */,
				BECAB9D0248410760082AB6D /* Info.plist */,
			);
			path = product_demoUITests;
			sourceTree = "<group>";
		};
		BECAB9DC248410CD0082AB6D /* Networking */ = {
			isa = PBXGroup;
			children = (
				BEE932812484188400D115BD /* Endpoint.swift */,
				BEE9327D248417F200D115BD /* NetworkRouter.swift */,
				BEE9327F2484184000D115BD /* URLBuilder.swift */,
				BEE93283248418A900D115BD /* HTTPTraits.swift */,
				BEE9328524841A1400D115BD /* Encoding.swift */,
			);
			path = Networking;
			sourceTree = "<group>";
		};
		BECAB9DD248410D30082AB6D /* Extensions */ = {
			isa = PBXGroup;
			children = (
				BEE932732484137C00D115BD /* UITableView+Extensions.swift */,
				BEE9328724841BA000D115BD /* Encodable+Extensions.swift */,
				BEE9328F2484253100D115BD /* UIImageView+Extensions.swift */,
			);
			path = Extensions;
			sourceTree = "<group>";
		};
		BECAB9DE248410D80082AB6D /* Scenes */ = {
			isa = PBXGroup;
			children = (
				BECAB9DF248410DC0082AB6D /* ProductList */,
				BEBCD7C0259883D300B14781 /* ProductDetails */,
			);
			path = Scenes;
			sourceTree = "<group>";
		};
		BECAB9DF248410DC0082AB6D /* ProductList */ = {
			isa = PBXGroup;
			children = (
				BECAB9E2248410EB0082AB6D /* Cells */,
				BECAB9E1248410E50082AB6D /* Networking */,
				BECAB9E0248410E20082AB6D /* Model */,
				BECAB9E3248411020082AB6D /* ProductListViewModel.swift */,
				BEE93275248413AE00D115BD /* ProductListViewController+UITableView.swift */,
				BEE93277248413BE00D115BD /* ProductListViewController+UISearchBar.swift */,
				BEBCD7F225988ED100B14781 /* ProductListCoordinator.swift */,
				BECAB9B0248410750082AB6D /* ProductListViewController.swift */,
				BEBCD76025977C3F00B14781 /* ProductListViewController.xib */,
			);
			path = ProductList;
			sourceTree = "<group>";
		};
		BECAB9E0248410E20082AB6D /* Model */ = {
			isa = PBXGroup;
			children = (
				BEE93279248414DF00D115BD /* ProductListRequest.swift */,
				BEE9327B248414E800D115BD /* ProductListResponse.swift */,
			);
			path = Model;
			sourceTree = "<group>";
		};
		BECAB9E1248410E50082AB6D /* Networking */ = {
			isa = PBXGroup;
			children = (
				BEE9328D24841FFE00D115BD /* ProductListRepository.swift */,
				BEBCD7A82597A27F00B14781 /* ProductListEndpoint.swift */,
			);
			path = Networking;
			sourceTree = "<group>";
		};
		BECAB9E2248410EB0082AB6D /* Cells */ = {
			isa = PBXGroup;
			children = (
				BECAB9E7248411670082AB6D /* ProductTableViewCell.swift */,
				BECAB9E8248411670082AB6D /* ProductTableViewCell.xib */,
			);
			path = Cells;
			sourceTree = "<group>";
		};
/* End PBXGroup section */

/* Begin PBXNativeTarget section */
		BECAB9A8248410750082AB6D /* product_demo */ = {
			isa = PBXNativeTarget;
			buildConfigurationList = BECAB9D3248410760082AB6D /* Build configuration list for PBXNativeTarget "product_demo" */;
			buildPhases = (
				BECAB9A5248410750082AB6D /* Sources */,
				BECAB9A6248410750082AB6D /* Frameworks */,
				BECAB9A7248410750082AB6D /* Resources */,
				BECAB9E6248411400082AB6D /* Swiftlint */,
			);
			buildRules = (
			);
			dependencies = (
			);
			name = product_demo;
			productName = product_demo;
			productReference = BECAB9A9248410750082AB6D /* product_demo.app */;
			productType = "com.apple.product-type.application";
		};
		BECAB9BE248410760082AB6D /* product_demoTests */ = {
			isa = PBXNativeTarget;
			buildConfigurationList = BECAB9D6248410760082AB6D /* Build configuration list for PBXNativeTarget "product_demoTests" */;
			buildPhases = (
				BECAB9BB248410760082AB6D /* Sources */,
				BECAB9BC248410760082AB6D /* Frameworks */,
				BECAB9BD248410760082AB6D /* Resources */,
			);
			buildRules = (
			);
			dependencies = (
				BECAB9C1248410760082AB6D /* PBXTargetDependency */,
			);
			name = product_demoTests;
			productName = product_demoTests;
			productReference = BECAB9BF248410760082AB6D /* product_demoTests.xctest */;
			productType = "com.apple.product-type.bundle.unit-test";
		};
		BECAB9C9248410760082AB6D /* product_demoUITests */ = {
			isa = PBXNativeTarget;
			buildConfigurationList = BECAB9D9248410760082AB6D /* Build configuration list for PBXNativeTarget "product_demoUITests" */;
			buildPhases = (
				BECAB9C6248410760082AB6D /* Sources */,
				BECAB9C7248410760082AB6D /* Frameworks */,
				BECAB9C8248410760082AB6D /* Resources */,
			);
			buildRules = (
			);
			dependencies = (
				BECAB9CC248410760082AB6D /* PBXTargetDependency */,
			);
			name = product_demoUITests;
			productName = product_demoUITests;
			productReference = BECAB9CA248410760082AB6D /* product_demoUITests.xctest */;
			productType = "com.apple.product-type.bundle.ui-testing";
		};
/* End PBXNativeTarget section */

/* Begin PBXProject section */
		BECAB9A1248410750082AB6D /* Project object */ = {
			isa = PBXProject;
			attributes = {
				LastSwiftUpdateCheck = 1150;
				LastUpgradeCheck = 1150;
				ORGANIZATIONNAME = "Kaan Biryol";
				TargetAttributes = {
					BECAB9A8248410750082AB6D = {
						CreatedOnToolsVersion = 11.5;
					};
					BECAB9BE248410760082AB6D = {
						CreatedOnToolsVersion = 11.5;
						TestTargetID = BECAB9A8248410750082AB6D;
					};
					BECAB9C9248410760082AB6D = {
						CreatedOnToolsVersion = 11.5;
						TestTargetID = BECAB9A8248410750082AB6D;
					};
				};
			};
			buildConfigurationList = BECAB9A4248410750082AB6D /* Build configuration list for PBXProject "product_demo" */;
			compatibilityVersion = "Xcode 9.3";
			developmentRegion = en;
			hasScannedForEncodings = 0;
			knownRegions = (
				en,
				Base,
			);
			mainGroup = BECAB9A0248410750082AB6D;
			productRefGroup = BECAB9AA248410750082AB6D /* Products */;
			projectDirPath = "";
			projectRoot = "";
			targets = (
				BECAB9A8248410750082AB6D /* product_demo */,
				BECAB9BE248410760082AB6D /* product_demoTests */,
				BECAB9C9248410760082AB6D /* product_demoUITests */,
			);
		};
/* End PBXProject section */

/* Begin PBXResourcesBuildPhase section */
		BECAB9A7248410750082AB6D /* Resources */ = {
			isa = PBXResourcesBuildPhase;
			buildActionMask = 2147483647;
			files = (
				BECAB9B9248410760082AB6D /* LaunchScreen.storyboard in Resources */,
				BECAB9EA248411670082AB6D /* ProductTableViewCell.xib in Resources */,
				BEBCD7CA2598840100B14781 /* ProductDetailsViewController.xib in Resources */,
				BECAB9B6248410760082AB6D /* Assets.xcassets in Resources */,
				BEBCD76125977C3F00B14781 /* ProductListViewController.xib in Resources */,
			);
			runOnlyForDeploymentPostprocessing = 0;
		};
		BECAB9BD248410760082AB6D /* Resources */ = {
			isa = PBXResourcesBuildPhase;
			buildActionMask = 2147483647;
			files = (
			);
			runOnlyForDeploymentPostprocessing = 0;
		};
		BECAB9C8248410760082AB6D /* Resources */ = {
			isa = PBXResourcesBuildPhase;
			buildActionMask = 2147483647;
			files = (
			);
			runOnlyForDeploymentPostprocessing = 0;
		};
/* End PBXResourcesBuildPhase section */

/* Begin PBXShellScriptBuildPhase section */
		BECAB9E6248411400082AB6D /* Swiftlint */ = {
			isa = PBXShellScriptBuildPhase;
			buildActionMask = 2147483647;
			files = (
			);
			inputFileListPaths = (
			);
			inputPaths = (
			);
			name = Swiftlint;
			outputFileListPaths = (
			);
			outputPaths = (
			);
			runOnlyForDeploymentPostprocessing = 0;
			shellPath = /bin/sh;
			shellScript = "if which swiftlint >/dev/null; then\n  swiftlint\nelse\n  echo \"warning: SwiftLint not installed, download from https://github.com/realm/SwiftLint\"\nfi\n";
		};
/* End PBXShellScriptBuildPhase section */

/* Begin PBXSourcesBuildPhase section */
		BECAB9A5248410750082AB6D /* Sources */ = {
			isa = PBXSourcesBuildPhase;
			buildActionMask = 2147483647;
			files = (
				BEBCD82A2598EEE900B14781 /* ProductDetailsModule.swift in Sources */,
				BEBCD8322598EF0100B14781 /* ProductDetailsCoordinator.swift in Sources */,
				BEE9327E248417F200D115BD /* NetworkRouter.swift in Sources */,
				BEBCD7E025988B5700B14781 /* AppCoordinator.swift in Sources */,
				BEE93276248413AE00D115BD /* ProductListViewController+UITableView.swift in Sources */,
				BEBCD7CF2598840E00B14781 /* ProductDetailsViewController.swift in Sources */,
				BEBCD8252598EEE100B14781 /* ProductDetailsComponent.swift in Sources */,
				BECAB9B1248410750082AB6D /* ProductListViewController.swift in Sources */,
				BEE9327C248414E800D115BD /* ProductListResponse.swift in Sources */,
				BEE9328E24841FFE00D115BD /* ProductListRepository.swift in Sources */,
				BEE932902484253100D115BD /* UIImageView+Extensions.swift in Sources */,
				BEE93284248418A900D115BD /* HTTPTraits.swift in Sources */,
				BECAB9AD248410750082AB6D /* AppDelegate.swift in Sources */,
				BEE9328624841A1400D115BD /* Encoding.swift in Sources */,
				BEBCD83D2598F14B00B14781 /* ProductDetailsViewModel.swift in Sources */,
				BEE932802484184000D115BD /* URLBuilder.swift in Sources */,
				BEBCD7FF2598D81F00B14781 /* ProductListModule.swift in Sources */,
				BECAB9E9248411670082AB6D /* ProductTableViewCell.swift in Sources */,
				BEE932742484137C00D115BD /* UITableView+Extensions.swift in Sources */,
				BEBCD7482597534200B14781 /* AppModule.swift in Sources */,
				BEE9327A248414DF00D115BD /* ProductListRequest.swift in Sources */,
				BECAB9E4248411020082AB6D /* ProductListViewModel.swift in Sources */,
				BEBCD8142598EB8C00B14781 /* ProductListComponent.swift in Sources */,
				BEBCD7A92597A27F00B14781 /* ProductListEndpoint.swift in Sources */,
				BEE93278248413BE00D115BD /* ProductListViewController+UISearchBar.swift in Sources */,
				BEE9328824841BA000D115BD /* Encodable+Extensions.swift in Sources */,
				BEBCD7F325988ED100B14781 /* ProductListCoordinator.swift in Sources */,
				BECAB9AF248410750082AB6D /* SceneDelegate.swift in Sources */,
				BEE932822484188400D115BD /* Endpoint.swift in Sources */,
			);
			runOnlyForDeploymentPostprocessing = 0;
		};
		BECAB9BB248410760082AB6D /* Sources */ = {
			isa = PBXSourcesBuildPhase;
			buildActionMask = 2147483647;
			files = (
				BEBCD7B62597BF2800B14781 /* NetworkingMocks.swift in Sources */,
				BE123011248440D60073603A /* MockViewController.swift in Sources */,
				BEBCD88A259F963500B14781 /* ProductListViewModelTests.swift in Sources */,
				BECAB9C4248410760082AB6D /* ProductListRepositoryTests.swift in Sources */,
				BE12300F248434410073603A /* NetworkingTests.swift in Sources */,
			);
			runOnlyForDeploymentPostprocessing = 0;
		};
		BECAB9C6248410760082AB6D /* Sources */ = {
			isa = PBXSourcesBuildPhase;
			buildActionMask = 2147483647;
			files = (
				BECAB9CF248410760082AB6D /* Product_DemoUITests.swift in Sources */,
			);
			runOnlyForDeploymentPostprocessing = 0;
		};
/* End PBXSourcesBuildPhase section */

/* Begin PBXTargetDependency section */
		BECAB9C1248410760082AB6D /* PBXTargetDependency */ = {
			isa = PBXTargetDependency;
			target = BECAB9A8248410750082AB6D /* product_demo */;
			targetProxy = BECAB9C0248410760082AB6D /* PBXContainerItemProxy */;
		};
		BECAB9CC248410760082AB6D /* PBXTargetDependency */ = {
			isa = PBXTargetDependency;
			target = BECAB9A8248410750082AB6D /* product_demo */;
			targetProxy = BECAB9CB248410760082AB6D /* PBXContainerItemProxy */;
		};
/* End PBXTargetDependency section */

/* Begin PBXVariantGroup section */
		BECAB9B7248410760082AB6D /* LaunchScreen.storyboard */ = {
			isa = PBXVariantGroup;
			children = (
				BECAB9B8248410760082AB6D /* Base */,
			);
			name = LaunchScreen.storyboard;
			sourceTree = "<group>";
		};
/* End PBXVariantGroup section */

/* Begin XCBuildConfiguration section */
		BECAB9D1248410760082AB6D /* Debug */ = {
			isa = XCBuildConfiguration;
			buildSettings = {
				ALWAYS_SEARCH_USER_PATHS = NO;
				CLANG_ANALYZER_NONNULL = YES;
				CLANG_ANALYZER_NUMBER_OBJECT_CONVERSION = YES_AGGRESSIVE;
				CLANG_CXX_LANGUAGE_STANDARD = "gnu++14";
				CLANG_CXX_LIBRARY = "libc++";
				CLANG_ENABLE_MODULES = YES;
				CLANG_ENABLE_OBJC_ARC = YES;
				CLANG_ENABLE_OBJC_WEAK = YES;
				CLANG_WARN_BLOCK_CAPTURE_AUTORELEASING = YES;
				CLANG_WARN_BOOL_CONVERSION = YES;
				CLANG_WARN_COMMA = YES;
				CLANG_WARN_CONSTANT_CONVERSION = YES;
				CLANG_WARN_DEPRECATED_OBJC_IMPLEMENTATIONS = YES;
				CLANG_WARN_DIRECT_OBJC_ISA_USAGE = YES_ERROR;
				CLANG_WARN_DOCUMENTATION_COMMENTS = YES;
				CLANG_WARN_EMPTY_BODY = YES;
				CLANG_WARN_ENUM_CONVERSION = YES;
				CLANG_WARN_INFINITE_RECURSION = YES;
				CLANG_WARN_INT_CONVERSION = YES;
				CLANG_WARN_NON_LITERAL_NULL_CONVERSION = YES;
				CLANG_WARN_OBJC_IMPLICIT_RETAIN_SELF = YES;
				CLANG_WARN_OBJC_LITERAL_CONVERSION = YES;
				CLANG_WARN_OBJC_ROOT_CLASS = YES_ERROR;
				CLANG_WARN_RANGE_LOOP_ANALYSIS = YES;
				CLANG_WARN_STRICT_PROTOTYPES = YES;
				CLANG_WARN_SUSPICIOUS_MOVE = YES;
				CLANG_WARN_UNGUARDED_AVAILABILITY = YES_AGGRESSIVE;
				CLANG_WARN_UNREACHABLE_CODE = YES;
				CLANG_WARN__DUPLICATE_METHOD_MATCH = YES;
				COPY_PHASE_STRIP = NO;
				DEBUG_INFORMATION_FORMAT = dwarf;
				ENABLE_STRICT_OBJC_MSGSEND = YES;
				ENABLE_TESTABILITY = YES;
				GCC_C_LANGUAGE_STANDARD = gnu11;
				GCC_DYNAMIC_NO_PIC = NO;
				GCC_NO_COMMON_BLOCKS = YES;
				GCC_OPTIMIZATION_LEVEL = 0;
				GCC_PREPROCESSOR_DEFINITIONS = (
					"DEBUG=1",
					"$(inherited)",
				);
				GCC_WARN_64_TO_32_BIT_CONVERSION = YES;
				GCC_WARN_ABOUT_RETURN_TYPE = YES_ERROR;
				GCC_WARN_UNDECLARED_SELECTOR = YES;
				GCC_WARN_UNINITIALIZED_AUTOS = YES_AGGRESSIVE;
				GCC_WARN_UNUSED_FUNCTION = YES;
				GCC_WARN_UNUSED_VARIABLE = YES;
				IPHONEOS_DEPLOYMENT_TARGET = 13.5;
				MTL_ENABLE_DEBUG_INFO = INCLUDE_SOURCE;
				MTL_FAST_MATH = YES;
				ONLY_ACTIVE_ARCH = YES;
				SDKROOT = iphoneos;
				SWIFT_ACTIVE_COMPILATION_CONDITIONS = DEBUG;
				SWIFT_OPTIMIZATION_LEVEL = "-Onone";
			};
			name = Debug;
		};
		BECAB9D2248410760082AB6D /* Release */ = {
			isa = XCBuildConfiguration;
			buildSettings = {
				ALWAYS_SEARCH_USER_PATHS = NO;
				CLANG_ANALYZER_NONNULL = YES;
				CLANG_ANALYZER_NUMBER_OBJECT_CONVERSION = YES_AGGRESSIVE;
				CLANG_CXX_LANGUAGE_STANDARD = "gnu++14";
				CLANG_CXX_LIBRARY = "libc++";
				CLANG_ENABLE_MODULES = YES;
				CLANG_ENABLE_OBJC_ARC = YES;
				CLANG_ENABLE_OBJC_WEAK = YES;
				CLANG_WARN_BLOCK_CAPTURE_AUTORELEASING = YES;
				CLANG_WARN_BOOL_CONVERSION = YES;
				CLANG_WARN_COMMA = YES;
				CLANG_WARN_CONSTANT_CONVERSION = YES;
				CLANG_WARN_DEPRECATED_OBJC_IMPLEMENTATIONS = YES;
				CLANG_WARN_DIRECT_OBJC_ISA_USAGE = YES_ERROR;
				CLANG_WARN_DOCUMENTATION_COMMENTS = YES;
				CLANG_WARN_EMPTY_BODY = YES;
				CLANG_WARN_ENUM_CONVERSION = YES;
				CLANG_WARN_INFINITE_RECURSION = YES;
				CLANG_WARN_INT_CONVERSION = YES;
				CLANG_WARN_NON_LITERAL_NULL_CONVERSION = YES;
				CLANG_WARN_OBJC_IMPLICIT_RETAIN_SELF = YES;
				CLANG_WARN_OBJC_LITERAL_CONVERSION = YES;
				CLANG_WARN_OBJC_ROOT_CLASS = YES_ERROR;
				CLANG_WARN_RANGE_LOOP_ANALYSIS = YES;
				CLANG_WARN_STRICT_PROTOTYPES = YES;
				CLANG_WARN_SUSPICIOUS_MOVE = YES;
				CLANG_WARN_UNGUARDED_AVAILABILITY = YES_AGGRESSIVE;
				CLANG_WARN_UNREACHABLE_CODE = YES;
				CLANG_WARN__DUPLICATE_METHOD_MATCH = YES;
				COPY_PHASE_STRIP = NO;
				DEBUG_INFORMATION_FORMAT = "dwarf-with-dsym";
				ENABLE_NS_ASSERTIONS = NO;
				ENABLE_STRICT_OBJC_MSGSEND = YES;
				GCC_C_LANGUAGE_STANDARD = gnu11;
				GCC_NO_COMMON_BLOCKS = YES;
				GCC_WARN_64_TO_32_BIT_CONVERSION = YES;
				GCC_WARN_ABOUT_RETURN_TYPE = YES_ERROR;
				GCC_WARN_UNDECLARED_SELECTOR = YES;
				GCC_WARN_UNINITIALIZED_AUTOS = YES_AGGRESSIVE;
				GCC_WARN_UNUSED_FUNCTION = YES;
				GCC_WARN_UNUSED_VARIABLE = YES;
				IPHONEOS_DEPLOYMENT_TARGET = 13.5;
				MTL_ENABLE_DEBUG_INFO = NO;
				MTL_FAST_MATH = YES;
				SDKROOT = iphoneos;
				SWIFT_COMPILATION_MODE = wholemodule;
				SWIFT_OPTIMIZATION_LEVEL = "-O";
				VALIDATE_PRODUCT = YES;
			};
			name = Release;
		};
		BECAB9D4248410760082AB6D /* Debug */ = {
			isa = XCBuildConfiguration;
			buildSettings = {
				ASSETCATALOG_COMPILER_APPICON_NAME = AppIcon;
				CODE_SIGN_STYLE = Automatic;
				DEVELOPMENT_TEAM = KJ4ZG3FY8Q;
				INFOPLIST_FILE = product_demo/Info.plist;
				LD_RUNPATH_SEARCH_PATHS = (
					"$(inherited)",
					"@executable_path/Frameworks",
				);
				PRODUCT_BUNDLE_IDENTIFIER = "biryol.product-demo";
				PRODUCT_NAME = "$(TARGET_NAME)";
				SWIFT_VERSION = 5.0;
				TARGETED_DEVICE_FAMILY = "1,2";
			};
			name = Debug;
		};
		BECAB9D5248410760082AB6D /* Release */ = {
			isa = XCBuildConfiguration;
			buildSettings = {
				ASSETCATALOG_COMPILER_APPICON_NAME = AppIcon;
				CODE_SIGN_STYLE = Automatic;
				DEVELOPMENT_TEAM = KJ4ZG3FY8Q;
				INFOPLIST_FILE = product_demo/Info.plist;
				LD_RUNPATH_SEARCH_PATHS = (
					"$(inherited)",
					"@executable_path/Frameworks",
				);
				PRODUCT_BUNDLE_IDENTIFIER = "biryol.product-demo";
				PRODUCT_NAME = "$(TARGET_NAME)";
				SWIFT_VERSION = 5.0;
				TARGETED_DEVICE_FAMILY = "1,2";
			};
			name = Release;
		};
		BECAB9D7248410760082AB6D /* Debug */ = {
			isa = XCBuildConfiguration;
			buildSettings = {
				ALWAYS_EMBED_SWIFT_STANDARD_LIBRARIES = YES;
				BUNDLE_LOADER = "$(TEST_HOST)";
				CODE_SIGN_STYLE = Automatic;
				DEVELOPMENT_TEAM = KJ4ZG3FY8Q;
				INFOPLIST_FILE = product_demoTests/Info.plist;
				IPHONEOS_DEPLOYMENT_TARGET = 13.5;
				LD_RUNPATH_SEARCH_PATHS = (
					"$(inherited)",
					"@executable_path/Frameworks",
					"@loader_path/Frameworks",
				);
				PRODUCT_BUNDLE_IDENTIFIER = "biryol.product-demoTests";
				PRODUCT_NAME = "$(TARGET_NAME)";
				SWIFT_VERSION = 5.0;
				TARGETED_DEVICE_FAMILY = "1,2";
				TEST_HOST = "$(BUILT_PRODUCTS_DIR)/product_demo.app/product_demo";
			};
			name = Debug;
		};
		BECAB9D8248410760082AB6D /* Release */ = {
			isa = XCBuildConfiguration;
			buildSettings = {
				ALWAYS_EMBED_SWIFT_STANDARD_LIBRARIES = YES;
				BUNDLE_LOADER = "$(TEST_HOST)";
				CODE_SIGN_STYLE = Automatic;
				DEVELOPMENT_TEAM = KJ4ZG3FY8Q;
				INFOPLIST_FILE = product_demoTests/Info.plist;
				IPHONEOS_DEPLOYMENT_TARGET = 13.5;
				LD_RUNPATH_SEARCH_PATHS = (
					"$(inherited)",
					"@executable_path/Frameworks",
					"@loader_path/Frameworks",
				);
				PRODUCT_BUNDLE_IDENTIFIER = "biryol.product-demoTests";
				PRODUCT_NAME = "$(TARGET_NAME)";
				SWIFT_VERSION = 5.0;
				TARGETED_DEVICE_FAMILY = "1,2";
				TEST_HOST = "$(BUILT_PRODUCTS_DIR)/product_demo.app/product_demo";
			};
			name = Release;
		};
		BECAB9DA248410760082AB6D /* Debug */ = {
			isa = XCBuildConfiguration;
			buildSettings = {
				ALWAYS_EMBED_SWIFT_STANDARD_LIBRARIES = YES;
				CODE_SIGN_STYLE = Automatic;
				DEVELOPMENT_TEAM = KJ4ZG3FY8Q;
				INFOPLIST_FILE = product_demoUITests/Info.plist;
				LD_RUNPATH_SEARCH_PATHS = (
					"$(inherited)",
					"@executable_path/Frameworks",
					"@loader_path/Frameworks",
				);
				PRODUCT_BUNDLE_IDENTIFIER = "biryol.product-demoUITests";
				PRODUCT_NAME = "$(TARGET_NAME)";
				SWIFT_VERSION = 5.0;
				TARGETED_DEVICE_FAMILY = "1,2";
				TEST_TARGET_NAME = product_demo;
			};
			name = Debug;
		};
		BECAB9DB248410760082AB6D /* Release */ = {
			isa = XCBuildConfiguration;
			buildSettings = {
				ALWAYS_EMBED_SWIFT_STANDARD_LIBRARIES = YES;
				CODE_SIGN_STYLE = Automatic;
				DEVELOPMENT_TEAM = KJ4ZG3FY8Q;
				INFOPLIST_FILE = product_demoUITests/Info.plist;
				LD_RUNPATH_SEARCH_PATHS = (
					"$(inherited)",
					"@executable_path/Frameworks",
					"@loader_path/Frameworks",
				);
				PRODUCT_BUNDLE_IDENTIFIER = "biryol.product-demoUITests";
				PRODUCT_NAME = "$(TARGET_NAME)";
				SWIFT_VERSION = 5.0;
				TARGETED_DEVICE_FAMILY = "1,2";
				TEST_TARGET_NAME = product_demo;
			};
			name = Release;
		};
/* End XCBuildConfiguration section */

/* Begin XCConfigurationList section */
		BECAB9A4248410750082AB6D /* Build configuration list for PBXProject "product_demo" */ = {
			isa = XCConfigurationList;
			buildConfigurations = (
				BECAB9D1248410760082AB6D /* Debug */,
				BECAB9D2248410760082AB6D /* Release */,
			);
			defaultConfigurationIsVisible = 0;
			defaultConfigurationName = Release;
		};
		BECAB9D3248410760082AB6D /* Build configuration list for PBXNativeTarget "product_demo" */ = {
			isa = XCConfigurationList;
			buildConfigurations = (
				BECAB9D4248410760082AB6D /* Debug */,
				BECAB9D5248410760082AB6D /* Release */,
			);
			defaultConfigurationIsVisible = 0;
			defaultConfigurationName = Release;
		};
		BECAB9D6248410760082AB6D /* Build configuration list for PBXNativeTarget "product_demoTests" */ = {
			isa = XCConfigurationList;
			buildConfigurations = (
				BECAB9D7248410760082AB6D /* Debug */,
				BECAB9D8248410760082AB6D /* Release */,
			);
			defaultConfigurationIsVisible = 0;
			defaultConfigurationName = Release;
		};
		BECAB9D9248410760082AB6D /* Build configuration list for PBXNativeTarget "product_demoUITests" */ = {
			isa = XCConfigurationList;
			buildConfigurations = (
				BECAB9DA248410760082AB6D /* Debug */,
				BECAB9DB248410760082AB6D /* Release */,
			);
			defaultConfigurationIsVisible = 0;
			defaultConfigurationName = Release;
		};
/* End XCConfigurationList section */
	};
	rootObject = BECAB9A1248410750082AB6D /* Project object */;
}
